
Microsoft Visual Studio Solution File, Format Version 12.00
# Visual Studio 15
VisualStudioVersion = 15.0.27428.2043
MinimumVisualStudioVersion = 10.0.40219.1
Project("{9A19103F-16F7-4668-BE54-9A1E7A4F7556}") = "MoneyManager", "MoneyManager\MoneyManager.csproj", "{89AD20E9-7F52-4964-AF4E-01B502878004}"
EndProject
Project("{FAE04EC0-301F-11D3-BF4B-00C04F79EFBC}") = "UI", "UI\UI.csproj", "{E531AC5E-7A58-4EA2-A198-363571F91B74}"
EndProject
Global
	GlobalSection(SolutionConfigurationPlatforms) = preSolution
		Debug|Any CPU = Debug|Any CPU
		Debug|ARM = Debug|ARM
		Debug|x64 = Debug|x64
		Debug|x86 = Debug|x86
		Release|Any CPU = Release|Any CPU
		Release|ARM = Release|ARM
		Release|x64 = Release|x64
		Release|x86 = Release|x86
	EndGlobalSection
	GlobalSection(ProjectConfigurationPlatforms) = postSolution
		{89AD20E9-7F52-4964-AF4E-01B502878004}.Debug|Any CPU.ActiveCfg = Debug|Any CPU
		{89AD20E9-7F52-4964-AF4E-01B502878004}.Debug|Any CPU.Build.0 = Debug|Any CPU
		{89AD20E9-7F52-4964-AF4E-01B502878004}.Debug|ARM.ActiveCfg = Debug|Any CPU
		{89AD20E9-7F52-4964-AF4E-01B502878004}.Debug|ARM.Build.0 = Debug|Any CPU
		{89AD20E9-7F52-4964-AF4E-01B502878004}.Debug|x64.ActiveCfg = Debug|Any CPU
		{89AD20E9-7F52-4964-AF4E-01B502878004}.Debug|x64.Build.0 = Debug|Any CPU
		{89AD20E9-7F52-4964-AF4E-01B502878004}.Debug|x86.ActiveCfg = Debug|Any CPU
		{89AD20E9-7F52-4964-AF4E-01B502878004}.Debug|x86.Build.0 = Debug|Any CPU
		{89AD20E9-7F52-4964-AF4E-01B502878004}.Release|Any CPU.ActiveCfg = Release|Any CPU
		{89AD20E9-7F52-4964-AF4E-01B502878004}.Release|Any CPU.Build.0 = Release|Any CPU
		{89AD20E9-7F52-4964-AF4E-01B502878004}.Release|ARM.ActiveCfg = Release|Any CPU
		{89AD20E9-7F52-4964-AF4E-01B502878004}.Release|ARM.Build.0 = Release|Any CPU
		{89AD20E9-7F52-4964-AF4E-01B502878004}.Release|x64.ActiveCfg = Release|Any CPU
		{89AD20E9-7F52-4964-AF4E-01B502878004}.Release|x64.Build.0 = Release|Any CPU
		{89AD20E9-7F52-4964-AF4E-01B502878004}.Release|x86.ActiveCfg = Release|Any CPU
		{89AD20E9-7F52-4964-AF4E-01B502878004}.Release|x86.Build.0 = Release|Any CPU
		{E531AC5E-7A58-4EA2-A198-363571F91B74}.Debug|Any CPU.ActiveCfg = Debug|x86
		{E531AC5E-7A58-4EA2-A198-363571F91B74}.Debug|Any CPU.Build.0 = Debug|x86
		{E531AC5E-7A58-4EA2-A198-363571F91B74}.Debug|Any CPU.Deploy.0 = Debug|x86
		{E531AC5E-7A58-4EA2-A198-363571F91B74}.Debug|ARM.ActiveCfg = Debug|ARM
		{E531AC5E-7A58-4EA2-A198-363571F91B74}.Debug|ARM.Build.0 = Debug|ARM
		{E531AC5E-7A58-4EA2-A198-363571F91B74}.Debug|ARM.Deploy.0 = Debug|ARM
		{E531AC5E-7A58-4EA2-A198-363571F91B74}.Debug|x64.ActiveCfg = Debug|x64
		{E531AC5E-7A58-4EA2-A198-363571F91B74}.Debug|x64.Build.0 = Debug|x64
		{E531AC5E-7A58-4EA2-A198-363571F91B74}.Debug|x64.Deploy.0 = Debug|x64
		{E531AC5E-7A58-4EA2-A198-363571F91B74}.Debug|x86.ActiveCfg = Debug|x86
		{E531AC5E-7A58-4EA2-A198-363571F91B74}.Debug|x86.Build.0 = Debug|x86
		{E531AC5E-7A58-4EA2-A198-363571F91B74}.Debug|x86.Deploy.0 = Debug|x86
		{E531AC5E-7A58-4EA2-A198-363571F91B74}.Release|Any CPU.ActiveCfg = Release|x86
		{E531AC5E-7A58-4EA2-A198-363571F91B74}.Release|ARM.ActiveCfg = Release|ARM
		{E531AC5E-7A58-4EA2-A198-363571F91B74}.Release|ARM.Build.0 = Release|ARM
		{E531AC5E-7A58-4EA2-A198-363571F91B74}.Release|ARM.Deploy.0 = Release|ARM
		{E531AC5E-7A58-4EA2-A198-363571F91B74}.Release|x64.ActiveCfg = Release|x64
		{E531AC5E-7A58-4EA2-A198-363571F91B74}.Release|x64.Build.0 = Release|x64
		{E531AC5E-7A58-4EA2-A198-363571F91B74}.Release|x64.Deploy.0 = Release|x64
		{E531AC5E-7A58-4EA2-A198-363571F91B74}.Release|x86.ActiveCfg = Release|x86
		{E531AC5E-7A58-4EA2-A198-363571F91B74}.Release|x86.Build.0 = Release|x86
		{E531AC5E-7A58-4EA2-A198-363571F91B74}.Release|x86.Deploy.0 = Release|x86
	EndGlobalSection
	GlobalSection(SolutionProperties) = preSolution
		HideSolutionNode = FALSE
	EndGlobalSection
	GlobalSection(ExtensibilityGlobals) = postSolution
		SolutionGuid = {F384003A-E466-4F4D-973F-F4344EB31860}
	EndGlobalSection
EndGlobal
